{
    "_readme": [
        "This file locks the dependencies of your project to a known state",
        "Read more about it at http://getcomposer.org/doc/01-basic-usage.md#composer-lock-the-lock-file",
        "This file is @generated automatically"
    ],
    "hash": "5092ec3fa8825ccd5a970fe09ca8f04f",
    "packages": [
        {
            "name": "slub/slub_solr_doc",
            "version": "dev-master",
            "source": {
                "type": "git",
                "url": "https://github.com/chrode/slub_solr_doc.git",
                "reference": "03c53f13c972f822459fd91a948b4c88c7bb7cc6"
            },
            "dist": {
                "type": "zip",
                "url": "https://api.github.com/repos/chrode/slub_solr_doc/zipball/03c53f13c972f822459fd91a948b4c88c7bb7cc6",
                "reference": "03c53f13c972f822459fd91a948b4c88c7bb7cc6",
                "shasum": ""
            },
            "require": {
                "solarium/solarium": "~3.3",
                "typo3/cms-core": ">=6.2.9,<8.0"
            },
            "replace": {
                "typo3-ter/slub_doc": "*"
            },
            "type": "typo3-cms-extension",
            "license": [
                "GPL-2.0+"
            ],
            "authors": [
                {
                    "name": "",
                    "email": "",
                    "role": "Developer"
                }
            ],
            "keywords": [
                "TYPO3 CMS"
            ],
            "support": {
                "email": "",
                "source": "",
                "issues": ""
            },
            "time": "2015-03-12 19:01:15"
        },
        {
            "name": "solarium/solarium",
            "version": "dev-develop",
            "source": {
                "type": "git",
                "url": "https://github.com/solariumphp/solarium.git",
                "reference": "e993186e913741ca8bad7d36c3023ccdc7f51f01"
            },
            "dist": {
                "type": "zip",
                "url": "https://api.github.com/repos/solariumphp/solarium/zipball/e993186e913741ca8bad7d36c3023ccdc7f51f01",
                "reference": "e993186e913741ca8bad7d36c3023ccdc7f51f01",
                "shasum": ""
            },
            "require": {
                "php": ">=5.3.2",
                "symfony/event-dispatcher": "~2.1"
            },
            "require-dev": {
                "phpunit/phpunit": "~3.7",
                "satooshi/php-coveralls": "~0.6",
                "squizlabs/php_codesniffer": "~1.4",
                "zendframework/zendframework1": "~1.12"
            },
            "type": "library",
            "extra": {
                "branch-alias": {
                    "dev-develop": "3.3.x-dev"
                }
            },
            "autoload": {
                "psr-0": {
                    "Solarium\\": "library/"
                }
            },
            "notification-url": "https://packagist.org/downloads/",
            "license": [
                "NewBSD"
            ],
            "authors": [
                {
                    "name": "See GitHub contributors",
                    "homepage": "https://github.com/basdenooijer/solarium/contributors"
                }
            ],
            "description": "PHP Solr client",
            "homepage": "http://www.solarium-project.org",
            "keywords": [
                "php",
                "search",
                "solr"
            ],
            "time": "2015-03-09 07:54:02"
        },
        {
            "name": "symfony/event-dispatcher",
            "version": "2.7.x-dev",
            "target-dir": "Symfony/Component/EventDispatcher",
            "source": {
                "type": "git",
                "url": "https://github.com/symfony/EventDispatcher.git",
                "reference": "ce9246f87133be616f5db06b5e162f5210f95280"
            },
            "dist": {
                "type": "zip",
                "url": "https://api.github.com/repos/symfony/EventDispatcher/zipball/ce9246f87133be616f5db06b5e162f5210f95280",
                "reference": "ce9246f87133be616f5db06b5e162f5210f95280",
                "shasum": ""
            },
            "require": {
                "php": ">=5.3.9"
            },
            "require-dev": {
                "psr/log": "~1.0",
                "symfony/config": "~2.0,>=2.0.5|~3.0.0",
                "symfony/dependency-injection": "~2.6|~3.0.0",
                "symfony/expression-language": "~2.6|~3.0.0",
                "symfony/phpunit-bridge": "~2.7|~3.0.0",
                "symfony/stopwatch": "~2.3|~3.0.0"
            },
            "suggest": {
                "symfony/dependency-injection": "",
                "symfony/http-kernel": ""
            },
            "type": "library",
            "extra": {
                "branch-alias": {
                    "dev-master": "2.7-dev"
                }
            },
            "autoload": {
                "psr-0": {
                    "Symfony\\Component\\EventDispatcher\\": ""
                }
            },
            "notification-url": "https://packagist.org/downloads/",
            "license": [
                "MIT"
            ],
            "authors": [
                {
                    "name": "Symfony Community",
                    "homepage": "http://symfony.com/contributors"
                },
                {
                    "name": "Fabien Potencier",
                    "email": "fabien@symfony.com"
                }
            ],
            "description": "Symfony EventDispatcher Component",
            "homepage": "http://symfony.com",
            "time": "2015-02-18 10:38:04"
        },
        {
            "name": "typo3/cms",
            "version": "6.2.9",
            "source": {
                "type": "git",
                "url": "https://git.typo3.org/Packages/TYPO3.CMS.git",
                "reference": "177cd38666bb4e7a026c60cdeda252596bf2c587"
            },
            "dist": {
                "type": "tar",
                "url": "http://get.typo3.org/6.2.9",
                "reference": "6.2.9",
                "shasum": "2ff12af0c7a21c1542b9cbac5da813ff1b403dae"
            },
            "require": {
                "ext-fileinfo": "*",
                "ext-pcre": "*",
                "ext-session": "*",
                "ext-xml": "*",
                "php": ">=5.3.7",
                "typo3/cms-composer-installers": "1.1.*@dev"
            },
            "replace": {
                "typo3/cms-about": "self.version",
                "typo3/cms-aboutmodules": "self.version",
                "typo3/cms-adodb": "self.version",
                "typo3/cms-backend": "self.version",
                "typo3/cms-belog": "self.version",
                "typo3/cms-beuser": "self.version",
                "typo3/cms-cms": "self.version",
                "typo3/cms-context-help": "self.version",
                "typo3/cms-core": "self.version",
                "typo3/cms-cshmanual": "self.version",
                "typo3/cms-css-styled-content": "self.version",
                "typo3/cms-dbal": "self.version",
                "typo3/cms-documentation": "self.version",
                "typo3/cms-extbase": "self.version",
                "typo3/cms-extensionmanager": "self.version",
                "typo3/cms-extra-page-cm-options": "self.version",
                "typo3/cms-feedit": "self.version",
                "typo3/cms-felogin": "self.version",
                "typo3/cms-filelist": "self.version",
                "typo3/cms-filemetadata": "self.version",
                "typo3/cms-fluid": "self.version",
                "typo3/cms-form": "self.version",
                "typo3/cms-frontend": "self.version",
                "typo3/cms-func": "self.version",
                "typo3/cms-func-wizards": "self.version",
                "typo3/cms-impexp": "self.version",
                "typo3/cms-indexed-search": "self.version",
                "typo3/cms-indexed-search-mysql": "self.version",
                "typo3/cms-info": "self.version",
                "typo3/cms-info-pagetsconfig": "self.version",
                "typo3/cms-install": "self.version",
                "typo3/cms-lang": "self.version",
                "typo3/cms-linkvalidator": "self.version",
                "typo3/cms-lowlevel": "self.version",
                "typo3/cms-opendocs": "self.version",
                "typo3/cms-openid": "self.version",
                "typo3/cms-perm": "self.version",
                "typo3/cms-recordlist": "self.version",
                "typo3/cms-recycler": "self.version",
                "typo3/cms-reports": "self.version",
                "typo3/cms-rsaauth": "self.version",
                "typo3/cms-rtehtmlarea": "self.version",
                "typo3/cms-saltedpasswords": "self.version",
                "typo3/cms-scheduler": "self.version",
                "typo3/cms-setup": "self.version",
                "typo3/cms-sv": "self.version",
                "typo3/cms-sys-action": "self.version",
                "typo3/cms-sys-note": "self.version",
                "typo3/cms-t3editor": "self.version",
                "typo3/cms-t3skin": "self.version",
                "typo3/cms-taskcenter": "self.version",
                "typo3/cms-tstemplate": "self.version",
                "typo3/cms-version": "self.version",
                "typo3/cms-viewpage": "self.version",
                "typo3/cms-wizard-crpages": "self.version",
                "typo3/cms-wizard-sortpages": "self.version",
                "typo3/cms-workspaces": "self.version"
            },
            "require-dev": {
                "mikey179/vfsstream": "1.3.*@dev",
                "phpunit/phpunit": "~4.4.0"
            },
            "suggest": {
                "ext-gd": "GDlib/Freetype is required for building images with text (GIFBUILDER) and can also be used to scale images",
                "ext-openssl": "",
                "ext-soap": "",
                "ext-zip": "",
                "ext-zlib": "TYPO3 uses zlib for amongst others output compression and un/packing t3x extension files"
            },
            "type": "typo3-cms-core",
            "extra": {
                "branch-alias": {
                    "dev-TYPO3_6-2": "6.2.x-dev"
                }
            },
            "notification-url": "https://packagist.org/downloads/",
            "license": [
                "GPL-2.0+"
            ],
            "authors": [
                {
                    "name": "TYPO3 CMS Core Team",
                    "homepage": "http://forge.typo3.org/projects/typo3cms-core",
                    "role": "Developer"
                },
                {
                    "name": "The TYPO3 Community",
                    "homepage": "https://typo3.org/community/",
                    "role": "Contributor"
                }
            ],
            "description": "TYPO3 CMS is a free open source Content Management Framework initially created by Kasper Skaarhoj and licensed under GNU/GPL.",
            "homepage": "http://typo3.org/",
            "keywords": [
                "Content management system",
                "cms",
                "extbase",
                "typo3"
            ],
            "time": "2014-12-10 10:45:08"
        },
        {
            "name": "typo3/cms-composer-installers",
            "version": "dev-master",
            "source": {
                "type": "git",
                "url": "https://github.com/TYPO3/CmsComposerInstallers.git",
                "reference": "25f6f3f7df1cf5bef8bb30731ca2e0e1f22985ce"
            },
            "dist": {
                "type": "zip",
                "url": "https://api.github.com/repos/TYPO3/CmsComposerInstallers/zipball/25f6f3f7df1cf5bef8bb30731ca2e0e1f22985ce",
                "reference": "25f6f3f7df1cf5bef8bb30731ca2e0e1f22985ce",
                "shasum": ""
            },
            "require": {
                "composer-plugin-api": "1.0.0"
            },
            "replace": {
                "lw/typo3cms-installers": "*",
                "netresearch/composer-installers": "*"
            },
            "require-dev": {
                "composer/composer": "1.*"
            },
            "type": "composer-plugin",
            "extra": {
                "class": "TYPO3\\CMS\\Composer\\Installer\\Plugin",
                "branch-alias": {
                    "dev-master": "1.1.x-dev"
                }
            },
            "autoload": {
                "psr-0": {
                    "": "Classes/"
                }
            },
            "notification-url": "https://packagist.org/downloads/",
            "license": [
                "GPL-2.0+"
            ],
            "authors": [
                {
                    "name": "Christian Opitz",
                    "email": "christian.opitz@netresearch.de"
                },
                {
                    "name": "Lars Peipmann",
                    "email": "lars@peipmann.de"
                }
            ],
            "description": "TYPO3 CMS Installers",
            "homepage": "http://forge.typo3.org/projects/team-composer",
            "keywords": [
                "cms",
                "core",
                "extension",
                "installer",
                "typo3"
            ],
            "time": "2014-12-16 23:30:16"
        }
    ],
    "packages-dev": [
        {
            "name": "doctrine/instantiator",
            "version": "dev-master",
            "source": {
                "type": "git",
                "url": "https://github.com/doctrine/instantiator.git",
                "reference": "3d9669e597439e8d205baf315efb757038fb4dea"
            },
            "dist": {
                "type": "zip",
                "url": "https://api.github.com/repos/doctrine/instantiator/zipball/3d9669e597439e8d205baf315efb757038fb4dea",
                "reference": "3d9669e597439e8d205baf315efb757038fb4dea",
                "shasum": ""
            },
            "require": {
                "php": ">=5.3,<8.0-DEV"
            },
            "require-dev": {
                "athletic/athletic": "~0.1.8",
                "ext-pdo": "*",
                "ext-phar": "*",
                "phpunit/phpunit": "~4.0",
                "squizlabs/php_codesniffer": "~2.0"
            },
            "type": "library",
            "extra": {
                "branch-alias": {
                    "dev-master": "1.0.x-dev"
                }
            },
            "autoload": {
                "psr-4": {
                    "Doctrine\\Instantiator\\": "src/Doctrine/Instantiator/"
                }
            },
            "notification-url": "https://packagist.org/downloads/",
            "license": [
                "MIT"
            ],
            "authors": [
                {
                    "name": "Marco Pivetta",
                    "email": "ocramius@gmail.com",
                    "homepage": "http://ocramius.github.com/"
                }
            ],
            "description": "A small, lightweight utility to instantiate objects in PHP without invoking their constructors",
            "homepage": "https://github.com/doctrine/instantiator",
            "keywords": [
                "constructor",
                "instantiate"
            ],
            "time": "2015-01-16 19:29:51"
        },
        {
            "name": "fortawesome/font-awesome",
            "version": "v4.2.0",
            "source": {
                "type": "git",
                "url": "https://github.com/FortAwesome/Font-Awesome.git",
                "reference": "a65bd93d81e9e6bd5ebfa41757a4474960b973b4"
            },
            "dist": {
                "type": "zip",
                "url": "https://api.github.com/repos/FortAwesome/Font-Awesome/zipball/a65bd93d81e9e6bd5ebfa41757a4474960b973b4",
                "reference": "a65bd93d81e9e6bd5ebfa41757a4474960b973b4",
                "shasum": ""
            },
            "require-dev": {
                "jekyll": "1.0.2",
                "lessc": "1.4.2"
            },
            "type": "library",
            "extra": {
                "branch-alias": {
                    "dev-master": "4.0.x-dev"
                }
            },
            "notification-url": "https://packagist.org/downloads/",
            "license": [
                "OFL-1.1",
                "MIT"
            ],
            "authors": [
                {
                    "name": "Dave Gandy",
                    "email": "dave@fontawesome.io",
                    "homepage": "http://twitter.com/davegandy",
                    "role": "Developer"
                }
            ],
            "description": "The iconic font and CSS framework",
            "homepage": "http://fontawesome.io/",
            "keywords": [
                "FontAwesome",
                "awesome",
                "bootstrap",
                "font",
                "icon"
            ],
            "time": "2014-08-26 16:36:44"
        },
        {
            "name": "mikey179/vfsStream",
            "version": "v1.3.0",
            "source": {
                "type": "git",
                "url": "https://github.com/mikey179/vfsStream.git",
                "reference": "8571f349567e02af1b7efc0fc4e3a4a1c98e664e"
            },
            "dist": {
                "type": "zip",
                "url": "https://api.github.com/repos/mikey179/vfsStream/zipball/8571f349567e02af1b7efc0fc4e3a4a1c98e664e",
                "reference": "8571f349567e02af1b7efc0fc4e3a4a1c98e664e",
                "shasum": ""
            },
            "require": {
                "php": ">=5.3.0"
            },
            "require-dev": {
                "phpunit/phpunit": "~4.1"
            },
            "type": "library",
            "extra": {
                "branch-alias": {
                    "dev-master": "1.3.x-dev"
                }
            },
            "autoload": {
                "psr-0": {
                    "org\\bovigo\\vfs\\": "src/main/php"
                }
            },
            "notification-url": "https://packagist.org/downloads/",
            "license": [
                "BSD"
            ],
            "homepage": "http://vfs.bovigo.org/",
            "time": "2014-07-21 20:15:54"
        },
        {
            "name": "phpunit/php-code-coverage",
            "version": "dev-master",
            "source": {
                "type": "git",
                "url": "https://github.com/sebastianbergmann/php-code-coverage.git",
                "reference": "74cf128bd0f643957c076cc67121dbff445755fe"
            },
            "dist": {
                "type": "zip",
                "url": "https://api.github.com/repos/sebastianbergmann/php-code-coverage/zipball/74cf128bd0f643957c076cc67121dbff445755fe",
                "reference": "74cf128bd0f643957c076cc67121dbff445755fe",
                "shasum": ""
            },
            "require": {
                "php": ">=5.3.3",
                "phpunit/php-file-iterator": "~1.3",
                "phpunit/php-text-template": "~1.2",
                "phpunit/php-token-stream": "~1.3",
                "sebastian/environment": "~1.0",
                "sebastian/version": "~1.0"
            },
            "require-dev": {
                "ext-xdebug": ">=2.1.4",
                "phpunit/phpunit": "~4"
            },
            "suggest": {
                "ext-dom": "*",
                "ext-xdebug": ">=2.2.1",
                "ext-xmlwriter": "*"
            },
            "type": "library",
            "extra": {
                "branch-alias": {
                    "dev-master": "2.0.x-dev"
                }
            },
            "autoload": {
                "classmap": [
                    "src/"
                ]
            },
            "notification-url": "https://packagist.org/downloads/",
            "license": [
                "BSD-3-Clause"
            ],
            "authors": [
                {
                    "name": "Sebastian Bergmann",
                    "email": "sb@sebastian-bergmann.de",
                    "role": "lead"
                }
            ],
            "description": "Library that provides collection, processing, and rendering functionality for PHP code coverage information.",
            "homepage": "https://github.com/sebastianbergmann/php-code-coverage",
            "keywords": [
                "coverage",
                "testing",
                "xunit"
            ],
            "time": "2015-03-06 11:27:25"
        },
        {
            "name": "phpunit/php-file-iterator",
            "version": "1.3.4",
            "source": {
                "type": "git",
                "url": "https://github.com/sebastianbergmann/php-file-iterator.git",
                "reference": "acd690379117b042d1c8af1fafd61bde001bf6bb"
            },
            "dist": {
                "type": "zip",
                "url": "https://api.github.com/repos/sebastianbergmann/php-file-iterator/zipball/acd690379117b042d1c8af1fafd61bde001bf6bb",
                "reference": "acd690379117b042d1c8af1fafd61bde001bf6bb",
                "shasum": ""
            },
            "require": {
                "php": ">=5.3.3"
            },
            "type": "library",
            "autoload": {
                "classmap": [
                    "File/"
                ]
            },
            "notification-url": "https://packagist.org/downloads/",
            "include-path": [
                ""
            ],
            "license": [
                "BSD-3-Clause"
            ],
            "authors": [
                {
                    "name": "Sebastian Bergmann",
                    "email": "sb@sebastian-bergmann.de",
                    "role": "lead"
                }
            ],
            "description": "FilterIterator implementation that filters files based on a list of suffixes.",
            "homepage": "https://github.com/sebastianbergmann/php-file-iterator/",
            "keywords": [
                "filesystem",
                "iterator"
            ],
            "time": "2013-10-10 15:34:57"
        },
        {
            "name": "phpunit/php-text-template",
            "version": "1.2.0",
            "source": {
                "type": "git",
                "url": "https://github.com/sebastianbergmann/php-text-template.git",
                "reference": "206dfefc0ffe9cebf65c413e3d0e809c82fbf00a"
            },
            "dist": {
                "type": "zip",
                "url": "https://api.github.com/repos/sebastianbergmann/php-text-template/zipball/206dfefc0ffe9cebf65c413e3d0e809c82fbf00a",
                "reference": "206dfefc0ffe9cebf65c413e3d0e809c82fbf00a",
                "shasum": ""
            },
            "require": {
                "php": ">=5.3.3"
            },
            "type": "library",
            "autoload": {
                "classmap": [
                    "Text/"
                ]
            },
            "notification-url": "https://packagist.org/downloads/",
            "include-path": [
                ""
            ],
            "license": [
                "BSD-3-Clause"
            ],
            "authors": [
                {
                    "name": "Sebastian Bergmann",
                    "email": "sb@sebastian-bergmann.de",
                    "role": "lead"
                }
            ],
            "description": "Simple template engine.",
            "homepage": "https://github.com/sebastianbergmann/php-text-template/",
            "keywords": [
                "template"
            ],
            "time": "2014-01-30 17:20:04"
        },
        {
            "name": "phpunit/php-timer",
            "version": "1.0.5",
            "source": {
                "type": "git",
                "url": "https://github.com/sebastianbergmann/php-timer.git",
                "reference": "19689d4354b295ee3d8c54b4f42c3efb69cbc17c"
            },
            "dist": {
                "type": "zip",
                "url": "https://api.github.com/repos/sebastianbergmann/php-timer/zipball/19689d4354b295ee3d8c54b4f42c3efb69cbc17c",
                "reference": "19689d4354b295ee3d8c54b4f42c3efb69cbc17c",
                "shasum": ""
            },
            "require": {
                "php": ">=5.3.3"
            },
            "type": "library",
            "autoload": {
                "classmap": [
                    "PHP/"
                ]
            },
            "notification-url": "https://packagist.org/downloads/",
            "include-path": [
                ""
            ],
            "license": [
                "BSD-3-Clause"
            ],
            "authors": [
                {
                    "name": "Sebastian Bergmann",
                    "email": "sb@sebastian-bergmann.de",
                    "role": "lead"
                }
            ],
            "description": "Utility class for timing",
            "homepage": "https://github.com/sebastianbergmann/php-timer/",
            "keywords": [
                "timer"
            ],
            "time": "2013-08-02 07:42:54"
        },
        {
            "name": "phpunit/php-token-stream",
            "version": "dev-master",
            "source": {
                "type": "git",
                "url": "https://github.com/sebastianbergmann/php-token-stream.git",
                "reference": "db32c18eba00b121c145575fcbcd4d4d24e6db74"
            },
            "dist": {
                "type": "zip",
                "url": "https://api.github.com/repos/sebastianbergmann/php-token-stream/zipball/db32c18eba00b121c145575fcbcd4d4d24e6db74",
                "reference": "db32c18eba00b121c145575fcbcd4d4d24e6db74",
                "shasum": ""
            },
            "require": {
                "ext-tokenizer": "*",
                "php": ">=5.3.3"
            },
            "require-dev": {
                "phpunit/phpunit": "~4.2"
            },
            "type": "library",
            "extra": {
                "branch-alias": {
                    "dev-master": "1.4-dev"
                }
            },
            "autoload": {
                "classmap": [
                    "src/"
                ]
            },
            "notification-url": "https://packagist.org/downloads/",
            "license": [
                "BSD-3-Clause"
            ],
            "authors": [
                {
                    "name": "Sebastian Bergmann",
                    "email": "sebastian@phpunit.de"
                }
            ],
            "description": "Wrapper around PHP's tokenizer extension.",
            "homepage": "https://github.com/sebastianbergmann/php-token-stream/",
            "keywords": [
                "tokenizer"
            ],
            "time": "2015-01-17 09:51:32"
        },
        {
            "name": "phpunit/phpunit",
            "version": "4.4.x-dev",
            "source": {
                "type": "git",
                "url": "https://github.com/sebastianbergmann/phpunit.git",
                "reference": "5fbd35c52d9ad2a12683a11a138e5c05b31da95a"
            },
            "dist": {
                "type": "zip",
                "url": "https://api.github.com/repos/sebastianbergmann/phpunit/zipball/5fbd35c52d9ad2a12683a11a138e5c05b31da95a",
                "reference": "5fbd35c52d9ad2a12683a11a138e5c05b31da95a",
                "shasum": ""
            },
            "require": {
                "ext-dom": "*",
                "ext-json": "*",
                "ext-pcre": "*",
                "ext-reflection": "*",
                "ext-spl": "*",
                "php": ">=5.3.3",
                "phpunit/php-code-coverage": "~2.0",
                "phpunit/php-file-iterator": "~1.3.2",
                "phpunit/php-text-template": "~1.2",
                "phpunit/php-timer": "~1.0.2",
                "phpunit/phpunit-mock-objects": "~2.3",
                "sebastian/comparator": "~1.0",
                "sebastian/diff": "~1.1",
                "sebastian/environment": "~1.1",
                "sebastian/exporter": "~1.1",
                "sebastian/global-state": "~1.0",
                "sebastian/recursion-context": "~1.0",
                "sebastian/version": "~1.0",
                "symfony/yaml": "~2.0"
            },
            "suggest": {
                "phpunit/php-invoker": "~1.1"
            },
            "bin": [
                "phpunit"
            ],
            "type": "library",
            "extra": {
                "branch-alias": {
                    "dev-master": "4.4.x-dev"
                }
            },
            "autoload": {
                "classmap": [
                    "src/"
                ]
            },
            "notification-url": "https://packagist.org/downloads/",
            "license": [
                "BSD-3-Clause"
            ],
            "authors": [
                {
                    "name": "Sebastian Bergmann",
                    "email": "sebastian@phpunit.de",
                    "role": "lead"
                }
            ],
            "description": "The PHP Unit Testing framework.",
            "homepage": "https://phpunit.de/",
            "keywords": [
                "phpunit",
                "testing",
                "xunit"
            ],
            "time": "2015-02-09 06:34:32"
        },
        {
            "name": "phpunit/phpunit-mock-objects",
            "version": "dev-master",
            "source": {
                "type": "git",
                "url": "https://github.com/sebastianbergmann/phpunit-mock-objects.git",
                "reference": "37e984c0d004800c456658cb08580fdfd26d9c1d"
            },
            "dist": {
                "type": "zip",
                "url": "https://api.github.com/repos/sebastianbergmann/phpunit-mock-objects/zipball/37e984c0d004800c456658cb08580fdfd26d9c1d",
                "reference": "37e984c0d004800c456658cb08580fdfd26d9c1d",
                "shasum": ""
            },
            "require": {
                "doctrine/instantiator": "~1.0,>=1.0.2",
                "php": ">=5.3.3",
                "phpunit/php-text-template": "~1.2"
            },
            "require-dev": {
                "phpunit/phpunit": "4.4.*@dev"
            },
            "suggest": {
                "ext-soap": "*"
            },
            "type": "library",
            "extra": {
                "branch-alias": {
                    "dev-master": "2.4.x-dev"
                }
            },
            "autoload": {
                "classmap": [
                    "src/"
                ]
            },
            "notification-url": "https://packagist.org/downloads/",
            "license": [
                "BSD-3-Clause"
            ],
            "authors": [
                {
                    "name": "Sebastian Bergmann",
                    "email": "sb@sebastian-bergmann.de",
                    "role": "lead"
                }
            ],
            "description": "Mock Object library for PHPUnit",
            "homepage": "https://github.com/sebastianbergmann/phpunit-mock-objects/",
            "keywords": [
                "mock",
                "xunit"
            ],
            "time": "2015-03-02 06:02:35"
        },
        {
            "name": "sebastian/comparator",
            "version": "dev-master",
            "source": {
                "type": "git",
                "url": "https://github.com/sebastianbergmann/comparator.git",
                "reference": "1dd8869519a225f7f2b9eb663e225298fade819e"
            },
            "dist": {
                "type": "zip",
                "url": "https://api.github.com/repos/sebastianbergmann/comparator/zipball/1dd8869519a225f7f2b9eb663e225298fade819e",
                "reference": "1dd8869519a225f7f2b9eb663e225298fade819e",
                "shasum": ""
            },
            "require": {
                "php": ">=5.3.3",
                "sebastian/diff": "~1.2",
                "sebastian/exporter": "~1.2"
            },
            "require-dev": {
                "phpunit/phpunit": "~4.4"
            },
            "type": "library",
            "extra": {
                "branch-alias": {
                    "dev-master": "1.1.x-dev"
                }
            },
            "autoload": {
                "classmap": [
                    "src/"
                ]
            },
            "notification-url": "https://packagist.org/downloads/",
            "license": [
                "BSD-3-Clause"
            ],
            "authors": [
                {
                    "name": "Jeff Welch",
                    "email": "whatthejeff@gmail.com"
                },
                {
                    "name": "Volker Dusch",
                    "email": "github@wallbash.com"
                },
                {
                    "name": "Bernhard Schussek",
                    "email": "bschussek@2bepublished.at"
                },
                {
                    "name": "Sebastian Bergmann",
                    "email": "sebastian@phpunit.de"
                }
            ],
            "description": "Provides the functionality to compare PHP values for equality",
            "homepage": "http://www.github.com/sebastianbergmann/comparator",
            "keywords": [
                "comparator",
                "compare",
                "equality"
            ],
            "time": "2015-01-29 16:28:08"
        },
        {
            "name": "sebastian/diff",
            "version": "dev-master",
            "source": {
                "type": "git",
                "url": "https://github.com/sebastianbergmann/diff.git",
                "reference": "863df9687835c62aa423a22412d26fa2ebde3fd3"
            },
            "dist": {
                "type": "zip",
                "url": "https://api.github.com/repos/sebastianbergmann/diff/zipball/863df9687835c62aa423a22412d26fa2ebde3fd3",
                "reference": "863df9687835c62aa423a22412d26fa2ebde3fd3",
                "shasum": ""
            },
            "require": {
                "php": ">=5.3.3"
            },
            "require-dev": {
                "phpunit/phpunit": "~4.2"
            },
            "type": "library",
            "extra": {
                "branch-alias": {
                    "dev-master": "1.3-dev"
                }
            },
            "autoload": {
                "classmap": [
                    "src/"
                ]
            },
            "notification-url": "https://packagist.org/downloads/",
            "license": [
                "BSD-3-Clause"
            ],
            "authors": [
                {
                    "name": "Kore Nordmann",
                    "email": "mail@kore-nordmann.de"
                },
                {
                    "name": "Sebastian Bergmann",
                    "email": "sebastian@phpunit.de"
                }
            ],
            "description": "Diff implementation",
            "homepage": "http://www.github.com/sebastianbergmann/diff",
            "keywords": [
                "diff"
            ],
            "time": "2015-02-22 15:13:53"
        },
        {
            "name": "sebastian/environment",
            "version": "dev-master",
            "source": {
                "type": "git",
                "url": "https://github.com/sebastianbergmann/environment.git",
                "reference": "5a8c7d31914337b69923db26c4221b81ff5a196e"
            },
            "dist": {
                "type": "zip",
                "url": "https://api.github.com/repos/sebastianbergmann/environment/zipball/5a8c7d31914337b69923db26c4221b81ff5a196e",
                "reference": "5a8c7d31914337b69923db26c4221b81ff5a196e",
                "shasum": ""
            },
            "require": {
                "php": ">=5.3.3"
            },
            "require-dev": {
                "phpunit/phpunit": "~4.4"
            },
            "type": "library",
            "extra": {
                "branch-alias": {
                    "dev-master": "1.3.x-dev"
                }
            },
            "autoload": {
                "classmap": [
                    "src/"
                ]
            },
            "notification-url": "https://packagist.org/downloads/",
            "license": [
                "BSD-3-Clause"
            ],
            "authors": [
                {
                    "name": "Sebastian Bergmann",
                    "email": "sebastian@phpunit.de"
                }
            ],
            "description": "Provides functionality to handle HHVM/PHP environments",
            "homepage": "http://www.github.com/sebastianbergmann/environment",
            "keywords": [
                "Xdebug",
                "environment",
                "hhvm"
            ],
            "time": "2015-01-01 10:01:08"
        },
        {
            "name": "sebastian/exporter",
            "version": "dev-master",
            "source": {
                "type": "git",
                "url": "https://github.com/sebastianbergmann/exporter.git",
                "reference": "84839970d05254c73cde183a721c7af13aede943"
            },
            "dist": {
                "type": "zip",
                "url": "https://api.github.com/repos/sebastianbergmann/exporter/zipball/84839970d05254c73cde183a721c7af13aede943",
                "reference": "84839970d05254c73cde183a721c7af13aede943",
                "shasum": ""
            },
            "require": {
                "php": ">=5.3.3",
                "sebastian/recursion-context": "~1.0"
            },
            "require-dev": {
                "phpunit/phpunit": "~4.4"
            },
            "type": "library",
            "extra": {
                "branch-alias": {
                    "dev-master": "1.2.x-dev"
                }
            },
            "autoload": {
                "classmap": [
                    "src/"
                ]
            },
            "notification-url": "https://packagist.org/downloads/",
            "license": [
                "BSD-3-Clause"
            ],
            "authors": [
                {
                    "name": "Jeff Welch",
                    "email": "whatthejeff@gmail.com"
                },
                {
                    "name": "Volker Dusch",
                    "email": "github@wallbash.com"
                },
                {
                    "name": "Bernhard Schussek",
                    "email": "bschussek@2bepublished.at"
                },
                {
                    "name": "Sebastian Bergmann",
                    "email": "sebastian@phpunit.de"
                },
                {
                    "name": "Adam Harvey",
                    "email": "aharvey@php.net"
                }
            ],
            "description": "Provides the functionality to export PHP variables for visualization",
            "homepage": "http://www.github.com/sebastianbergmann/exporter",
            "keywords": [
                "export",
                "exporter"
            ],
            "time": "2015-01-27 07:23:06"
        },
        {
            "name": "sebastian/global-state",
            "version": "dev-master",
            "source": {
                "type": "git",
                "url": "https://github.com/sebastianbergmann/global-state.git",
                "reference": "007c441df427cf0e175372fcbb9d196bce7eb743"
            },
            "dist": {
                "type": "zip",
                "url": "https://api.github.com/repos/sebastianbergmann/global-state/zipball/007c441df427cf0e175372fcbb9d196bce7eb743",
                "reference": "007c441df427cf0e175372fcbb9d196bce7eb743",
                "shasum": ""
            },
            "require": {
                "php": ">=5.3.3"
            },
            "require-dev": {
                "phpunit/phpunit": "~4.2"
            },
            "suggest": {
                "ext-uopz": "*"
            },
            "type": "library",
            "extra": {
                "branch-alias": {
                    "dev-master": "1.0-dev"
                }
            },
            "autoload": {
                "classmap": [
                    "src/"
                ]
            },
            "notification-url": "https://packagist.org/downloads/",
            "license": [
                "BSD-3-Clause"
            ],
            "authors": [
                {
                    "name": "Sebastian Bergmann",
                    "email": "sebastian@phpunit.de"
                }
            ],
            "description": "Snapshotting of global state",
            "homepage": "http://www.github.com/sebastianbergmann/global-state",
            "keywords": [
                "global state"
            ],
            "time": "2015-01-20 04:09:31"
        },
        {
            "name": "sebastian/recursion-context",
            "version": "dev-master",
            "source": {
                "type": "git",
                "url": "https://github.com/sebastianbergmann/recursion-context.git",
                "reference": "3989662bbb30a29d20d9faa04a846af79b276252"
            },
            "dist": {
                "type": "zip",
                "url": "https://api.github.com/repos/sebastianbergmann/recursion-context/zipball/3989662bbb30a29d20d9faa04a846af79b276252",
                "reference": "3989662bbb30a29d20d9faa04a846af79b276252",
                "shasum": ""
            },
            "require": {
                "php": ">=5.3.3"
            },
            "require-dev": {
                "phpunit/phpunit": "~4.4"
            },
            "type": "library",
            "extra": {
                "branch-alias": {
                    "dev-master": "1.0.x-dev"
                }
            },
            "autoload": {
                "classmap": [
                    "src/"
                ]
            },
            "notification-url": "https://packagist.org/downloads/",
            "license": [
                "BSD-3-Clause"
            ],
            "authors": [
                {
                    "name": "Jeff Welch",
                    "email": "whatthejeff@gmail.com"
                },
                {
                    "name": "Sebastian Bergmann",
                    "email": "sebastian@phpunit.de"
                },
                {
                    "name": "Adam Harvey",
                    "email": "aharvey@php.net"
                }
            ],
            "description": "Provides functionality to recursively process PHP variables",
            "homepage": "http://www.github.com/sebastianbergmann/recursion-context",
            "time": "2015-01-24 09:48:32"
        },
        {
            "name": "sebastian/version",
            "version": "1.0.4",
            "source": {
                "type": "git",
                "url": "https://github.com/sebastianbergmann/version.git",
                "reference": "a77d9123f8e809db3fbdea15038c27a95da4058b"
            },
            "dist": {
                "type": "zip",
                "url": "https://api.github.com/repos/sebastianbergmann/version/zipball/a77d9123f8e809db3fbdea15038c27a95da4058b",
                "reference": "a77d9123f8e809db3fbdea15038c27a95da4058b",
                "shasum": ""
            },
            "type": "library",
            "autoload": {
                "classmap": [
                    "src/"
                ]
            },
            "notification-url": "https://packagist.org/downloads/",
            "license": [
                "BSD-3-Clause"
            ],
            "authors": [
                {
                    "name": "Sebastian Bergmann",
                    "email": "sebastian@phpunit.de",
                    "role": "lead"
                }
            ],
            "description": "Library that helps with managing the version number of Git-hosted PHP projects",
            "homepage": "https://github.com/sebastianbergmann/version",
            "time": "2014-12-15 14:25:24"
        },
        {
            "name": "symfony/yaml",
            "version": "2.7.x-dev",
            "target-dir": "Symfony/Component/Yaml",
            "source": {
                "type": "git",
                "url": "https://github.com/symfony/Yaml.git",
                "reference": "14c16566bbc978249ae858024da396a5c15c03ed"
            },
            "dist": {
                "type": "zip",
                "url": "https://api.github.com/repos/symfony/Yaml/zipball/14c16566bbc978249ae858024da396a5c15c03ed",
                "reference": "14c16566bbc978249ae858024da396a5c15c03ed",
                "shasum": ""
            },
            "require": {
                "php": ">=5.3.9"
            },
            "require-dev": {
                "symfony/phpunit-bridge": "~2.7|~3.0.0"
            },
            "type": "library",
            "extra": {
                "branch-alias": {
                    "dev-master": "2.7-dev"
                }
            },
            "autoload": {
                "psr-0": {
                    "Symfony\\Component\\Yaml\\": ""
                }
            },
            "notification-url": "https://packagist.org/downloads/",
            "license": [
                "MIT"
            ],
            "authors": [
                {
                    "name": "Symfony Community",
                    "homepage": "http://symfony.com/contributors"
                },
                {
                    "name": "Fabien Potencier",
                    "email": "fabien@symfony.com"
                }
            ],
            "description": "Symfony Yaml Component",
            "homepage": "http://symfony.com",
            "time": "2015-03-12 14:31:07"
        },
        {
            "name": "twbs/bootstrap",
            "version": "dev-master",
            "source": {
                "type": "git",
                "url": "https://github.com/twbs/bootstrap.git",
                "reference": "ba1345f144283d579b07cd40b5ae5a5b84d2b2e7"
            },
            "dist": {
                "type": "zip",
                "url": "https://api.github.com/repos/twbs/bootstrap/zipball/ba1345f144283d579b07cd40b5ae5a5b84d2b2e7",
                "reference": "ba1345f144283d579b07cd40b5ae5a5b84d2b2e7",
                "shasum": ""
            },
            "replace": {
                "twitter/bootstrap": "self.version"
            },
            "type": "library",
            "extra": {
                "branch-alias": {
                    "dev-master": "3.3.x-dev"
                }
            },
            "notification-url": "https://packagist.org/downloads/",
            "license": [
                "MIT"
            ],
            "authors": [
                {
                    "name": "Jacob Thornton",
                    "email": "jacobthornton@gmail.com"
                },
                {
                    "name": "Mark Otto",
                    "email": "markdotto@gmail.com"
                }
            ],
            "description": "The most popular front-end framework for developing responsive, mobile first projects on the web.",
            "homepage": "http://getbootstrap.com",
            "keywords": [
                "JS",
                "css",
                "framework",
                "front-end",
                "less",
                "mobile-first",
                "responsive",
                "web"
            ],
            "time": "2015-03-10 20:20:23"
        }
    ],
    "aliases": [],
    "minimum-stability": "dev",
    "stability-flags": {
        "slub/slub_solr_doc": 20,
        "mikey179/vfsstream": 20
    },
    "prefer-stable": false,
    "prefer-lowest": false,
    "platform": [],
    "platform-dev": []
}
